
Microsoft Visual Studio Solution File, Format Version 12.00
# Visual Studio Version 17
VisualStudioVersion = 17.8.34330.188
MinimumVisualStudioVersion = 10.0.40219.1
Project("{FAE04EC0-301F-11D3-BF4B-00C04F79EFBC}") = "HillelTaskPro_2", "HillelTaskPro_2\HillelTaskPro_2.csproj", "{02254369-51D1-4B41-818B-36E4473CD2B6}"
EndProject
Global
	GlobalSection(SolutionConfigurationPlatforms) = preSolution
		Debug|Any CPU = Debug|Any CPU
		Release|Any CPU = Release|Any CPU
	EndGlobalSection
	GlobalSection(ProjectConfigurationPlatforms) = postSolution
		{02254369-51D1-4B41-818B-36E4473CD2B6}.Debug|Any CPU.ActiveCfg = Debug|Any CPU
		{02254369-51D1-4B41-818B-36E4473CD2B6}.Debug|Any CPU.Build.0 = Debug|Any CPU
		{02254369-51D1-4B41-818B-36E4473CD2B6}.Release|Any CPU.ActiveCfg = Release|Any CPU
		{02254369-51D1-4B41-818B-36E4473CD2B6}.Release|Any CPU.Build.0 = Release|Any CPU
	EndGlobalSection
	GlobalSection(SolutionProperties) = preSolution
		HideSolutionNode = FALSE
	EndGlobalSection
	GlobalSection(ExtensibilityGlobals) = postSolution
		SolutionGuid = {0D749046-6AF1-4CEF-8C20-68E6403D5B9B}
	EndGlobalSection
EndGlobal
