
Microsoft Visual Studio Solution File, Format Version 12.00
# Visual Studio Version 17
VisualStudioVersion = 17.8.34330.188
MinimumVisualStudioVersion = 10.0.40219.1
Project("{FAE04EC0-301F-11D3-BF4B-00C04F79EFBC}") = "HillelTaskPro_3", "HillelTaskPro_3\HillelTaskPro_3.csproj", "{20706BE1-579D-416C-95AB-8338031A1D60}"
EndProject
Global
	GlobalSection(SolutionConfigurationPlatforms) = preSolution
		Debug|Any CPU = Debug|Any CPU
		Release|Any CPU = Release|Any CPU
	EndGlobalSection
	GlobalSection(ProjectConfigurationPlatforms) = postSolution
		{20706BE1-579D-416C-95AB-8338031A1D60}.Debug|Any CPU.ActiveCfg = Debug|Any CPU
		{20706BE1-579D-416C-95AB-8338031A1D60}.Debug|Any CPU.Build.0 = Debug|Any CPU
		{20706BE1-579D-416C-95AB-8338031A1D60}.Release|Any CPU.ActiveCfg = Release|Any CPU
		{20706BE1-579D-416C-95AB-8338031A1D60}.Release|Any CPU.Build.0 = Release|Any CPU
	EndGlobalSection
	GlobalSection(SolutionProperties) = preSolution
		HideSolutionNode = FALSE
	EndGlobalSection
	GlobalSection(ExtensibilityGlobals) = postSolution
		SolutionGuid = {F061E79F-73A6-41B7-A8BC-F9DCFA4DF1AF}
	EndGlobalSection
EndGlobal
